{
  "name": "discord-assistant",
  "version": "1.0.0",
  "lockfileVersion": 2,
  "requires": true,
  "packages": {
    "": {
      "name": "discord-assistant",
      "version": "1.0.0",
      "license": "ISC",
      "dependencies": {
        "wolfram-alpha-api": "https://products.wolframalpha.com/api/libraries/javascript/wolfram-alpha-api-1.0.0-rc.1.tgz"
      }
    },
    "node_modules/wolfram-alpha-api": {
      "version": "1.0.0-rc.1",
      "resolved": "https://products.wolframalpha.com/api/libraries/javascript/wolfram-alpha-api-1.0.0-rc.1.tgz",
      "integrity": "sha512-Ixpm2jwpZA6Q5n9LkLl7Sr42v6ycbM4uuY9BnyAp2J+j/m0QElINtiRMPy1GQUMhz9nDL3fcLganuOG5cFVaaQ==",
      "license": "CC-BY-NC-4.0",
      "engines": {
        "node": ">=6"
      }
    }
  },
  "dependencies": {
    "wolfram-alpha-api": {
      "version": "https://products.wolframalpha.com/api/libraries/javascript/wolfram-alpha-api-1.0.0-rc.1.tgz",
      "integrity": "sha512-Ixpm2jwpZA6Q5n9LkLl7Sr42v6ycbM4uuY9BnyAp2J+j/m0QElINtiRMPy1GQUMhz9nDL3fcLganuOG5cFVaaQ=="
    }
  }
}
